
Microsoft Visual Studio Solution File, Format Version 12.00
# Visual Studio 14
VisualStudioVersion = 14.0.25123.0
MinimumVisualStudioVersion = 10.0.40219.1
Project("{FAE04EC0-301F-11D3-BF4B-00C04F79EFBC}") = "LSamplePlugin", "LSamplePlugin\LSamplePlugin.csproj", "{8AB098BD-927A-4C26-84CD-2EACC3B600C4}"
EndProject
Project("{FAE04EC0-301F-11D3-BF4B-00C04F79EFBC}") = "LSamplePluginWPF", "LSamplePluginWPF\LSamplePluginWPF.csproj", "{652ECE0D-9E0C-4EF3-9207-FE590E7A281A}"
EndProject
Project("{FAE04EC0-301F-11D3-BF4B-00C04F79EFBC}") = "LSampleTestProject", "LSampleTestProject\LSampleTestProject.csproj", "{A1418213-5369-4120-88E6-E818AAB2E9ED}"
EndProject
Project("{FAE04EC0-301F-11D3-BF4B-00C04F79EFBC}") = "LLoquendo", "LLoquendo\LLoquendo.csproj", "{2332ED03-8B51-4C94-B9CB-A357C290780F}"
EndProject
Project("{FAE04EC0-301F-11D3-BF4B-00C04F79EFBC}") = "LWMPlayer", "LWMPlayer\LWMPlayer.csproj", "{B06B8EE7-E8F6-4CBE-A865-BA45AE278E21}"
EndProject
Project("{FAE04EC0-301F-11D3-BF4B-00C04F79EFBC}") = "uAuth2", "uAuth2\uAuth2.csproj", "{F057893A-4D98-41A2-A978-AF28F3553048}"
EndProject
Project("{FAE04EC0-301F-11D3-BF4B-00C04F79EFBC}") = "LSelenium", "LSelenium\LSelenium.csproj", "{A61DF6E3-8EAC-4BD1-985D-7AA055D52BC1}"
EndProject
Project("{FAE04EC0-301F-11D3-BF4B-00C04F79EFBC}") = "LSmartThings", "LSmartThings\LSmartThings.csproj", "{AF3A6BEA-85D5-4A12-9C54-AF214AD18195}"
EndProject
Project("{FAE04EC0-301F-11D3-BF4B-00C04F79EFBC}") = "oAuth2 Installer", "oAuth2 Installer\oAuth2 Installer.csproj", "{7A961B16-861B-4996-B6A3-B71478899ADA}"
EndProject
Project("{FAE04EC0-301F-11D3-BF4B-00C04F79EFBC}") = "LHue", "LHue\LHue.csproj", "{D31DDBE7-39F3-4BAA-AE55-F33009758B3F}"
EndProject
Global
	GlobalSection(SolutionConfigurationPlatforms) = preSolution
		Debug|Any CPU = Debug|Any CPU
		Debug|x86 = Debug|x86
		Release|Any CPU = Release|Any CPU
		Release|x86 = Release|x86
	EndGlobalSection
	GlobalSection(ProjectConfigurationPlatforms) = postSolution
		{8AB098BD-927A-4C26-84CD-2EACC3B600C4}.Debug|Any CPU.ActiveCfg = Debug|Any CPU
		{8AB098BD-927A-4C26-84CD-2EACC3B600C4}.Debug|Any CPU.Build.0 = Debug|Any CPU
		{8AB098BD-927A-4C26-84CD-2EACC3B600C4}.Debug|x86.ActiveCfg = Debug|x86
		{8AB098BD-927A-4C26-84CD-2EACC3B600C4}.Debug|x86.Build.0 = Debug|x86
		{8AB098BD-927A-4C26-84CD-2EACC3B600C4}.Release|Any CPU.ActiveCfg = Release|Any CPU
		{8AB098BD-927A-4C26-84CD-2EACC3B600C4}.Release|Any CPU.Build.0 = Release|Any CPU
		{8AB098BD-927A-4C26-84CD-2EACC3B600C4}.Release|x86.ActiveCfg = Release|x86
		{8AB098BD-927A-4C26-84CD-2EACC3B600C4}.Release|x86.Build.0 = Release|x86
		{652ECE0D-9E0C-4EF3-9207-FE590E7A281A}.Debug|Any CPU.ActiveCfg = Debug|Any CPU
		{652ECE0D-9E0C-4EF3-9207-FE590E7A281A}.Debug|Any CPU.Build.0 = Debug|Any CPU
		{652ECE0D-9E0C-4EF3-9207-FE590E7A281A}.Debug|x86.ActiveCfg = Debug|x86
		{652ECE0D-9E0C-4EF3-9207-FE590E7A281A}.Debug|x86.Build.0 = Debug|x86
		{652ECE0D-9E0C-4EF3-9207-FE590E7A281A}.Release|Any CPU.ActiveCfg = Release|Any CPU
		{652ECE0D-9E0C-4EF3-9207-FE590E7A281A}.Release|Any CPU.Build.0 = Release|Any CPU
		{652ECE0D-9E0C-4EF3-9207-FE590E7A281A}.Release|x86.ActiveCfg = Release|x86
		{652ECE0D-9E0C-4EF3-9207-FE590E7A281A}.Release|x86.Build.0 = Release|x86
		{A1418213-5369-4120-88E6-E818AAB2E9ED}.Debug|Any CPU.ActiveCfg = Debug|Any CPU
		{A1418213-5369-4120-88E6-E818AAB2E9ED}.Debug|Any CPU.Build.0 = Debug|Any CPU
		{A1418213-5369-4120-88E6-E818AAB2E9ED}.Debug|x86.ActiveCfg = Debug|x86
		{A1418213-5369-4120-88E6-E818AAB2E9ED}.Debug|x86.Build.0 = Debug|x86
		{A1418213-5369-4120-88E6-E818AAB2E9ED}.Release|Any CPU.ActiveCfg = Release|Any CPU
		{A1418213-5369-4120-88E6-E818AAB2E9ED}.Release|Any CPU.Build.0 = Release|Any CPU
		{A1418213-5369-4120-88E6-E818AAB2E9ED}.Release|x86.ActiveCfg = Release|x86
		{A1418213-5369-4120-88E6-E818AAB2E9ED}.Release|x86.Build.0 = Release|x86
		{2332ED03-8B51-4C94-B9CB-A357C290780F}.Debug|Any CPU.ActiveCfg = Debug|Any CPU
		{2332ED03-8B51-4C94-B9CB-A357C290780F}.Debug|Any CPU.Build.0 = Debug|Any CPU
		{2332ED03-8B51-4C94-B9CB-A357C290780F}.Debug|x86.ActiveCfg = Debug|x86
		{2332ED03-8B51-4C94-B9CB-A357C290780F}.Debug|x86.Build.0 = Debug|x86
		{2332ED03-8B51-4C94-B9CB-A357C290780F}.Release|Any CPU.ActiveCfg = Release|Any CPU
		{2332ED03-8B51-4C94-B9CB-A357C290780F}.Release|Any CPU.Build.0 = Release|Any CPU
		{2332ED03-8B51-4C94-B9CB-A357C290780F}.Release|x86.ActiveCfg = Release|x86
		{2332ED03-8B51-4C94-B9CB-A357C290780F}.Release|x86.Build.0 = Release|x86
		{B06B8EE7-E8F6-4CBE-A865-BA45AE278E21}.Debug|Any CPU.ActiveCfg = Debug|Any CPU
		{B06B8EE7-E8F6-4CBE-A865-BA45AE278E21}.Debug|Any CPU.Build.0 = Debug|Any CPU
		{B06B8EE7-E8F6-4CBE-A865-BA45AE278E21}.Debug|x86.ActiveCfg = Debug|x86
		{B06B8EE7-E8F6-4CBE-A865-BA45AE278E21}.Debug|x86.Build.0 = Debug|x86
		{B06B8EE7-E8F6-4CBE-A865-BA45AE278E21}.Release|Any CPU.ActiveCfg = Release|Any CPU
		{B06B8EE7-E8F6-4CBE-A865-BA45AE278E21}.Release|Any CPU.Build.0 = Release|Any CPU
		{B06B8EE7-E8F6-4CBE-A865-BA45AE278E21}.Release|x86.ActiveCfg = Release|x86
		{B06B8EE7-E8F6-4CBE-A865-BA45AE278E21}.Release|x86.Build.0 = Release|x86
		{F057893A-4D98-41A2-A978-AF28F3553048}.Debug|Any CPU.ActiveCfg = Debug|Any CPU
		{F057893A-4D98-41A2-A978-AF28F3553048}.Debug|Any CPU.Build.0 = Debug|Any CPU
		{F057893A-4D98-41A2-A978-AF28F3553048}.Debug|x86.ActiveCfg = Debug|x86
		{F057893A-4D98-41A2-A978-AF28F3553048}.Debug|x86.Build.0 = Debug|x86
		{F057893A-4D98-41A2-A978-AF28F3553048}.Release|Any CPU.ActiveCfg = Release|Any CPU
		{F057893A-4D98-41A2-A978-AF28F3553048}.Release|Any CPU.Build.0 = Release|Any CPU
		{F057893A-4D98-41A2-A978-AF28F3553048}.Release|x86.ActiveCfg = Release|x86
		{F057893A-4D98-41A2-A978-AF28F3553048}.Release|x86.Build.0 = Release|x86
		{A61DF6E3-8EAC-4BD1-985D-7AA055D52BC1}.Debug|Any CPU.ActiveCfg = Debug|Any CPU
		{A61DF6E3-8EAC-4BD1-985D-7AA055D52BC1}.Debug|Any CPU.Build.0 = Debug|Any CPU
		{A61DF6E3-8EAC-4BD1-985D-7AA055D52BC1}.Debug|x86.ActiveCfg = Debug|x86
		{A61DF6E3-8EAC-4BD1-985D-7AA055D52BC1}.Debug|x86.Build.0 = Debug|x86
		{A61DF6E3-8EAC-4BD1-985D-7AA055D52BC1}.Release|Any CPU.ActiveCfg = Release|Any CPU
		{A61DF6E3-8EAC-4BD1-985D-7AA055D52BC1}.Release|Any CPU.Build.0 = Release|Any CPU
		{A61DF6E3-8EAC-4BD1-985D-7AA055D52BC1}.Release|x86.ActiveCfg = Release|x86
		{A61DF6E3-8EAC-4BD1-985D-7AA055D52BC1}.Release|x86.Build.0 = Release|x86
		{AF3A6BEA-85D5-4A12-9C54-AF214AD18195}.Debug|Any CPU.ActiveCfg = Debug|Any CPU
		{AF3A6BEA-85D5-4A12-9C54-AF214AD18195}.Debug|Any CPU.Build.0 = Debug|Any CPU
		{AF3A6BEA-85D5-4A12-9C54-AF214AD18195}.Debug|x86.ActiveCfg = Debug|x86
		{AF3A6BEA-85D5-4A12-9C54-AF214AD18195}.Debug|x86.Build.0 = Debug|x86
		{AF3A6BEA-85D5-4A12-9C54-AF214AD18195}.Release|Any CPU.ActiveCfg = Release|Any CPU
		{AF3A6BEA-85D5-4A12-9C54-AF214AD18195}.Release|Any CPU.Build.0 = Release|Any CPU
		{AF3A6BEA-85D5-4A12-9C54-AF214AD18195}.Release|x86.ActiveCfg = Release|x86
		{AF3A6BEA-85D5-4A12-9C54-AF214AD18195}.Release|x86.Build.0 = Release|x86
		{7A961B16-861B-4996-B6A3-B71478899ADA}.Debug|Any CPU.ActiveCfg = Debug|Any CPU
		{7A961B16-861B-4996-B6A3-B71478899ADA}.Debug|Any CPU.Build.0 = Debug|Any CPU
		{7A961B16-861B-4996-B6A3-B71478899ADA}.Debug|x86.ActiveCfg = Debug|Any CPU
		{7A961B16-861B-4996-B6A3-B71478899ADA}.Debug|x86.Build.0 = Debug|Any CPU
		{7A961B16-861B-4996-B6A3-B71478899ADA}.Release|Any CPU.ActiveCfg = Release|Any CPU
		{7A961B16-861B-4996-B6A3-B71478899ADA}.Release|Any CPU.Build.0 = Release|Any CPU
		{7A961B16-861B-4996-B6A3-B71478899ADA}.Release|x86.ActiveCfg = Release|Any CPU
		{7A961B16-861B-4996-B6A3-B71478899ADA}.Release|x86.Build.0 = Release|Any CPU
		{D31DDBE7-39F3-4BAA-AE55-F33009758B3F}.Debug|Any CPU.ActiveCfg = Debug|Any CPU
		{D31DDBE7-39F3-4BAA-AE55-F33009758B3F}.Debug|Any CPU.Build.0 = Debug|Any CPU
		{D31DDBE7-39F3-4BAA-AE55-F33009758B3F}.Debug|x86.ActiveCfg = Debug|Any CPU
		{D31DDBE7-39F3-4BAA-AE55-F33009758B3F}.Debug|x86.Build.0 = Debug|Any CPU
		{D31DDBE7-39F3-4BAA-AE55-F33009758B3F}.Release|Any CPU.ActiveCfg = Release|Any CPU
		{D31DDBE7-39F3-4BAA-AE55-F33009758B3F}.Release|Any CPU.Build.0 = Release|Any CPU
		{D31DDBE7-39F3-4BAA-AE55-F33009758B3F}.Release|x86.ActiveCfg = Release|Any CPU
		{D31DDBE7-39F3-4BAA-AE55-F33009758B3F}.Release|x86.Build.0 = Release|Any CPU
	EndGlobalSection
	GlobalSection(SolutionProperties) = preSolution
		HideSolutionNode = FALSE
	EndGlobalSection
EndGlobal
